
Microsoft Visual Studio Solution File, Format Version 12.00
# Visual Studio 2012
Project("{FAE04EC0-301F-11D3-BF4B-00C04F79EFBC}") = "ProxyContext", "ProxyContext\ProxyContext.csproj", "{640DFE46-BEA8-4D1B-989F-A8A52D74A2DB}"
EndProject
Global
	GlobalSection(SolutionConfigurationPlatforms) = preSolution
		Debug|Any CPU = Debug|Any CPU
		Release|Any CPU = Release|Any CPU
	EndGlobalSection
	GlobalSection(ProjectConfigurationPlatforms) = postSolution
		{640DFE46-BEA8-4D1B-989F-A8A52D74A2DB}.Debug|Any CPU.ActiveCfg = Debug|Any CPU
		{640DFE46-BEA8-4D1B-989F-A8A52D74A2DB}.Debug|Any CPU.Build.0 = Debug|Any CPU
		{640DFE46-BEA8-4D1B-989F-A8A52D74A2DB}.Release|Any CPU.ActiveCfg = Release|Any CPU
		{640DFE46-BEA8-4D1B-989F-A8A52D74A2DB}.Release|Any CPU.Build.0 = Release|Any CPU
	EndGlobalSection
	GlobalSection(SolutionProperties) = preSolution
		HideSolutionNode = FALSE
	EndGlobalSection
EndGlobal
